{
  "requires": true,
  "lockfileVersion": 1,
  "dependencies": {
    "jquery": {
      "version": "3.3.1",
      "resolved": "https://registry.npmjs.org/jquery/-/jquery-3.3.1.tgz",
      "integrity": "sha512-Ubldcmxp5np52/ENotGxlLe6aGMvmF4R8S6tZjsP6Knsaxd/xp3Zrh50cG93lR6nPXyUFwzN3ZSOQI0wRJNdGg=="
    },
    "svg.js": {
      "version": "2.6.4",
      "resolved": "https://registry.npmjs.org/svg.js/-/svg.js-2.6.4.tgz",
      "integrity": "sha512-P+LLmhgekUtpCbyLZgf0wg2uft7IplifCi5STNEtVa6dMCY5MubLPvClViIsU9YQMZ7f+9Vm97ahxcg68PF1RA=="
    }
  }
}
